
Microsoft Visual Studio Solution File, Format Version 12.00
# Visual Studio Version 17
VisualStudioVersion = 17.1.32328.378
MinimumVisualStudioVersion = 10.0.40219.1
Project("{9A19103F-16F7-4668-BE54-9A1E7A4F7556}") = "Notes", "Notes.csproj", "{9C569289-F698-42F3-AFD7-DC4E7154C18C}"
EndProject
Project("{9A19103F-16F7-4668-BE54-9A1E7A4F7556}") = "NotesTest", "..\NotesTest\NotesTest.csproj", "{F44E8A1E-4C47-4574-94F9-65F80E11B7BE}"
EndProject
Global
	GlobalSection(SolutionConfigurationPlatforms) = preSolution
		Debug|Any CPU = Debug|Any CPU
		Release|Any CPU = Release|Any CPU
	EndGlobalSection
	GlobalSection(ProjectConfigurationPlatforms) = postSolution
		{9C569289-F698-42F3-AFD7-DC4E7154C18C}.Debug|Any CPU.ActiveCfg = Debug|Any CPU
		{9C569289-F698-42F3-AFD7-DC4E7154C18C}.Debug|Any CPU.Build.0 = Debug|Any CPU
		{9C569289-F698-42F3-AFD7-DC4E7154C18C}.Release|Any CPU.ActiveCfg = Release|Any CPU
		{9C569289-F698-42F3-AFD7-DC4E7154C18C}.Release|Any CPU.Build.0 = Release|Any CPU
		{F44E8A1E-4C47-4574-94F9-65F80E11B7BE}.Debug|Any CPU.ActiveCfg = Debug|Any CPU
		{F44E8A1E-4C47-4574-94F9-65F80E11B7BE}.Debug|Any CPU.Build.0 = Debug|Any CPU
		{F44E8A1E-4C47-4574-94F9-65F80E11B7BE}.Release|Any CPU.ActiveCfg = Release|Any CPU
		{F44E8A1E-4C47-4574-94F9-65F80E11B7BE}.Release|Any CPU.Build.0 = Release|Any CPU
	EndGlobalSection
	GlobalSection(SolutionProperties) = preSolution
		HideSolutionNode = FALSE
	EndGlobalSection
	GlobalSection(ExtensibilityGlobals) = postSolution
		SolutionGuid = {4FFFF4E5-CD25-46C9-98FA-1ABDB09128BD}
	EndGlobalSection
EndGlobal
